
Microsoft Visual Studio Solution File, Format Version 12.00
# Visual Studio Version 17
VisualStudioVersion = 17.7.34202.233
MinimumVisualStudioVersion = 10.0.40219.1
Project("{8BC9CEB8-8B4A-11D0-8D11-00A0C91BC942}") = "1번", "1번\1번.vcxproj", "{8F11BC7F-75FB-4E92-9BB2-EF137E03CBBC}"
EndProject
Project("{8BC9CEB8-8B4A-11D0-8D11-00A0C91BC942}") = "2번", "2번\2번.vcxproj", "{9E1F52CD-126A-4E91-8645-18C03275BB70}"
EndProject
Project("{8BC9CEB8-8B4A-11D0-8D11-00A0C91BC942}") = "3번", "3번\3번.vcxproj", "{78D164AD-E5F9-4A1F-BC79-0CABB85A0B89}"
EndProject
Project("{8BC9CEB8-8B4A-11D0-8D11-00A0C91BC942}") = "4번", "4번\4번.vcxproj", "{9EF90564-D07F-430B-9F0C-3D9E7F8CF50F}"
EndProject
Project("{8BC9CEB8-8B4A-11D0-8D11-00A0C91BC942}") = "5번", "5번\5번.vcxproj", "{89483E81-5F2A-4CE1-9C05-868E81A82B47}"
EndProject
Project("{8BC9CEB8-8B4A-11D0-8D11-00A0C91BC942}") = "6번", "6번\6번.vcxproj", "{1F3CB936-AC1B-4E0B-9299-BC997DEF7E91}"
EndProject
Project("{8BC9CEB8-8B4A-11D0-8D11-00A0C91BC942}") = "7번", "7번\7번.vcxproj", "{1EEEC11E-F36D-46D9-A4E0-8B62F3EFF926}"
EndProject
Project("{8BC9CEB8-8B4A-11D0-8D11-00A0C91BC942}") = "8번", "8번\8번.vcxproj", "{60C6B504-4CBC-4FCA-8776-8DC7B07F0E70}"
EndProject
Project("{8BC9CEB8-8B4A-11D0-8D11-00A0C91BC942}") = "9번", "9번\9번.vcxproj", "{0B9FAD5B-9ADF-442A-9DDE-A95F2F20B031}"
EndProject
Project("{8BC9CEB8-8B4A-11D0-8D11-00A0C91BC942}") = "10번", "10번\10번.vcxproj", "{5E714BFE-985A-4827-8EB3-AD9718BC837B}"
EndProject
Global
	GlobalSection(SolutionConfigurationPlatforms) = preSolution
		Debug|x64 = Debug|x64
		Debug|x86 = Debug|x86
		Release|x64 = Release|x64
		Release|x86 = Release|x86
	EndGlobalSection
	GlobalSection(ProjectConfigurationPlatforms) = postSolution
		{8F11BC7F-75FB-4E92-9BB2-EF137E03CBBC}.Debug|x64.ActiveCfg = Debug|x64
		{8F11BC7F-75FB-4E92-9BB2-EF137E03CBBC}.Debug|x64.Build.0 = Debug|x64
		{8F11BC7F-75FB-4E92-9BB2-EF137E03CBBC}.Debug|x86.ActiveCfg = Debug|Win32
		{8F11BC7F-75FB-4E92-9BB2-EF137E03CBBC}.Debug|x86.Build.0 = Debug|Win32
		{8F11BC7F-75FB-4E92-9BB2-EF137E03CBBC}.Release|x64.ActiveCfg = Release|x64
		{8F11BC7F-75FB-4E92-9BB2-EF137E03CBBC}.Release|x64.Build.0 = Release|x64
		{8F11BC7F-75FB-4E92-9BB2-EF137E03CBBC}.Release|x86.ActiveCfg = Release|Win32
		{8F11BC7F-75FB-4E92-9BB2-EF137E03CBBC}.Release|x86.Build.0 = Release|Win32
		{9E1F52CD-126A-4E91-8645-18C03275BB70}.Debug|x64.ActiveCfg = Debug|x64
		{9E1F52CD-126A-4E91-8645-18C03275BB70}.Debug|x64.Build.0 = Debug|x64
		{9E1F52CD-126A-4E91-8645-18C03275BB70}.Debug|x86.ActiveCfg = Debug|Win32
		{9E1F52CD-126A-4E91-8645-18C03275BB70}.Debug|x86.Build.0 = Debug|Win32
		{9E1F52CD-126A-4E91-8645-18C03275BB70}.Release|x64.ActiveCfg = Release|x64
		{9E1F52CD-126A-4E91-8645-18C03275BB70}.Release|x64.Build.0 = Release|x64
		{9E1F52CD-126A-4E91-8645-18C03275BB70}.Release|x86.ActiveCfg = Release|Win32
		{9E1F52CD-126A-4E91-8645-18C03275BB70}.Release|x86.Build.0 = Release|Win32
		{78D164AD-E5F9-4A1F-BC79-0CABB85A0B89}.Debug|x64.ActiveCfg = Debug|x64
		{78D164AD-E5F9-4A1F-BC79-0CABB85A0B89}.Debug|x64.Build.0 = Debug|x64
		{78D164AD-E5F9-4A1F-BC79-0CABB85A0B89}.Debug|x86.ActiveCfg = Debug|Win32
		{78D164AD-E5F9-4A1F-BC79-0CABB85A0B89}.Debug|x86.Build.0 = Debug|Win32
		{78D164AD-E5F9-4A1F-BC79-0CABB85A0B89}.Release|x64.ActiveCfg = Release|x64
		{78D164AD-E5F9-4A1F-BC79-0CABB85A0B89}.Release|x64.Build.0 = Release|x64
		{78D164AD-E5F9-4A1F-BC79-0CABB85A0B89}.Release|x86.ActiveCfg = Release|Win32
		{78D164AD-E5F9-4A1F-BC79-0CABB85A0B89}.Release|x86.Build.0 = Release|Win32
		{9EF90564-D07F-430B-9F0C-3D9E7F8CF50F}.Debug|x64.ActiveCfg = Debug|x64
		{9EF90564-D07F-430B-9F0C-3D9E7F8CF50F}.Debug|x64.Build.0 = Debug|x64
		{9EF90564-D07F-430B-9F0C-3D9E7F8CF50F}.Debug|x86.ActiveCfg = Debug|Win32
		{9EF90564-D07F-430B-9F0C-3D9E7F8CF50F}.Debug|x86.Build.0 = Debug|Win32
		{9EF90564-D07F-430B-9F0C-3D9E7F8CF50F}.Release|x64.ActiveCfg = Release|x64
		{9EF90564-D07F-430B-9F0C-3D9E7F8CF50F}.Release|x64.Build.0 = Release|x64
		{9EF90564-D07F-430B-9F0C-3D9E7F8CF50F}.Release|x86.ActiveCfg = Release|Win32
		{9EF90564-D07F-430B-9F0C-3D9E7F8CF50F}.Release|x86.Build.0 = Release|Win32
		{89483E81-5F2A-4CE1-9C05-868E81A82B47}.Debug|x64.ActiveCfg = Debug|x64
		{89483E81-5F2A-4CE1-9C05-868E81A82B47}.Debug|x64.Build.0 = Debug|x64
		{89483E81-5F2A-4CE1-9C05-868E81A82B47}.Debug|x86.ActiveCfg = Debug|Win32
		{89483E81-5F2A-4CE1-9C05-868E81A82B47}.Debug|x86.Build.0 = Debug|Win32
		{89483E81-5F2A-4CE1-9C05-868E81A82B47}.Release|x64.ActiveCfg = Release|x64
		{89483E81-5F2A-4CE1-9C05-868E81A82B47}.Release|x64.Build.0 = Release|x64
		{89483E81-5F2A-4CE1-9C05-868E81A82B47}.Release|x86.ActiveCfg = Release|Win32
		{89483E81-5F2A-4CE1-9C05-868E81A82B47}.Release|x86.Build.0 = Release|Win32
		{1F3CB936-AC1B-4E0B-9299-BC997DEF7E91}.Debug|x64.ActiveCfg = Debug|x64
		{1F3CB936-AC1B-4E0B-9299-BC997DEF7E91}.Debug|x64.Build.0 = Debug|x64
		{1F3CB936-AC1B-4E0B-9299-BC997DEF7E91}.Debug|x86.ActiveCfg = Debug|Win32
		{1F3CB936-AC1B-4E0B-9299-BC997DEF7E91}.Debug|x86.Build.0 = Debug|Win32
		{1F3CB936-AC1B-4E0B-9299-BC997DEF7E91}.Release|x64.ActiveCfg = Release|x64
		{1F3CB936-AC1B-4E0B-9299-BC997DEF7E91}.Release|x64.Build.0 = Release|x64
		{1F3CB936-AC1B-4E0B-9299-BC997DEF7E91}.Release|x86.ActiveCfg = Release|Win32
		{1F3CB936-AC1B-4E0B-9299-BC997DEF7E91}.Release|x86.Build.0 = Release|Win32
		{1EEEC11E-F36D-46D9-A4E0-8B62F3EFF926}.Debug|x64.ActiveCfg = Debug|x64
		{1EEEC11E-F36D-46D9-A4E0-8B62F3EFF926}.Debug|x64.Build.0 = Debug|x64
		{1EEEC11E-F36D-46D9-A4E0-8B62F3EFF926}.Debug|x86.ActiveCfg = Debug|Win32
		{1EEEC11E-F36D-46D9-A4E0-8B62F3EFF926}.Debug|x86.Build.0 = Debug|Win32
		{1EEEC11E-F36D-46D9-A4E0-8B62F3EFF926}.Release|x64.ActiveCfg = Release|x64
		{1EEEC11E-F36D-46D9-A4E0-8B62F3EFF926}.Release|x64.Build.0 = Release|x64
		{1EEEC11E-F36D-46D9-A4E0-8B62F3EFF926}.Release|x86.ActiveCfg = Release|Win32
		{1EEEC11E-F36D-46D9-A4E0-8B62F3EFF926}.Release|x86.Build.0 = Release|Win32
		{60C6B504-4CBC-4FCA-8776-8DC7B07F0E70}.Debug|x64.ActiveCfg = Debug|x64
		{60C6B504-4CBC-4FCA-8776-8DC7B07F0E70}.Debug|x64.Build.0 = Debug|x64
		{60C6B504-4CBC-4FCA-8776-8DC7B07F0E70}.Debug|x86.ActiveCfg = Debug|Win32
		{60C6B504-4CBC-4FCA-8776-8DC7B07F0E70}.Debug|x86.Build.0 = Debug|Win32
		{60C6B504-4CBC-4FCA-8776-8DC7B07F0E70}.Release|x64.ActiveCfg = Release|x64
		{60C6B504-4CBC-4FCA-8776-8DC7B07F0E70}.Release|x64.Build.0 = Release|x64
		{60C6B504-4CBC-4FCA-8776-8DC7B07F0E70}.Release|x86.ActiveCfg = Release|Win32
		{60C6B504-4CBC-4FCA-8776-8DC7B07F0E70}.Release|x86.Build.0 = Release|Win32
		{0B9FAD5B-9ADF-442A-9DDE-A95F2F20B031}.Debug|x64.ActiveCfg = Debug|x64
		{0B9FAD5B-9ADF-442A-9DDE-A95F2F20B031}.Debug|x64.Build.0 = Debug|x64
		{0B9FAD5B-9ADF-442A-9DDE-A95F2F20B031}.Debug|x86.ActiveCfg = Debug|Win32
		{0B9FAD5B-9ADF-442A-9DDE-A95F2F20B031}.Debug|x86.Build.0 = Debug|Win32
		{0B9FAD5B-9ADF-442A-9DDE-A95F2F20B031}.Release|x64.ActiveCfg = Release|x64
		{0B9FAD5B-9ADF-442A-9DDE-A95F2F20B031}.Release|x64.Build.0 = Release|x64
		{0B9FAD5B-9ADF-442A-9DDE-A95F2F20B031}.Release|x86.ActiveCfg = Release|Win32
		{0B9FAD5B-9ADF-442A-9DDE-A95F2F20B031}.Release|x86.Build.0 = Release|Win32
		{5E714BFE-985A-4827-8EB3-AD9718BC837B}.Debug|x64.ActiveCfg = Debug|x64
		{5E714BFE-985A-4827-8EB3-AD9718BC837B}.Debug|x64.Build.0 = Debug|x64
		{5E714BFE-985A-4827-8EB3-AD9718BC837B}.Debug|x86.ActiveCfg = Debug|Win32
		{5E714BFE-985A-4827-8EB3-AD9718BC837B}.Debug|x86.Build.0 = Debug|Win32
		{5E714BFE-985A-4827-8EB3-AD9718BC837B}.Release|x64.ActiveCfg = Release|x64
		{5E714BFE-985A-4827-8EB3-AD9718BC837B}.Release|x64.Build.0 = Release|x64
		{5E714BFE-985A-4827-8EB3-AD9718BC837B}.Release|x86.ActiveCfg = Release|Win32
		{5E714BFE-985A-4827-8EB3-AD9718BC837B}.Release|x86.Build.0 = Release|Win32
	EndGlobalSection
	GlobalSection(SolutionProperties) = preSolution
		HideSolutionNode = FALSE
	EndGlobalSection
	GlobalSection(ExtensibilityGlobals) = postSolution
		SolutionGuid = {22D70E53-D324-4DF7-8A19-C64D7035A7D6}
	EndGlobalSection
EndGlobal
